{
  "projects": [
    {
      "projectId": "ohDidvG9XsCeFumugENU3J",
      "version": "6.29.0",
      "dependencies": {},
      "lang": "js",
      "fileLocks": [
        {
          "assetId": "ohDidvG9XsCeFumugENU3J",
          "type": "projectCss",
          "checksum": "ba2a60a163fca4f4d510275088a2be53"
        },
        {
          "assetId": "ohDidvG9XsCeFumugENU3J",
          "checksum": "de0a0e65174a6a185a8f822af51c6bdd",
          "type": "globalContexts"
        }
      ],
      "codegenVersion": "0.0.1"
    },
    {
      "projectId": "caTPwKxj5ZrD9LQ7DMdK4Z",
      "version": "3.40.0",
      "dependencies": {},
      "lang": "js",
      "fileLocks": [
        {
          "assetId": "caTPwKxj5ZrD9LQ7DMdK4Z",
          "type": "projectCss",
          "checksum": "1c02168c6b23256606111fdfdbb63549"
        }
      ],
      "codegenVersion": "0.0.1"
    },
    {
      "projectId": "4ek7yevYSmZU9MaEHzjjyJ",
      "version": "latest",
      "dependencies": {
        "caTPwKxj5ZrD9LQ7DMdK4Z": "3.40.0",
        "ohDidvG9XsCeFumugENU3J": "6.29.0"
      },
      "lang": "js",
      "fileLocks": [
        {
          "type": "globalVariant",
          "assetId": "q_ayk5ZGNfB_",
          "checksum": "09bc47fe630839b8773b3ee064f5436b"
        },
        {
          "assetId": "4ek7yevYSmZU9MaEHzjjyJ",
          "type": "projectCss",
          "checksum": "3ecc1bf0d44de621f7333562e01bbe3c"
        },
        {
          "assetId": "4ek7yevYSmZU9MaEHzjjyJ",
          "checksum": "dc94536d756c98db3f18bb874e93a0b0",
          "type": "globalContexts"
        },
        {
          "type": "renderModule",
          "assetId": "CiVwiuPh5oJp",
          "checksum": "27e7d521721e2c5acaeddba8a858fbc2"
        },
        {
          "type": "cssRules",
          "assetId": "CiVwiuPh5oJp",
          "checksum": "27e7d521721e2c5acaeddba8a858fbc2"
        },
        {
          "type": "renderModule",
          "assetId": "64U7dXYnlm0W",
          "checksum": "6485184b7d003b2aaaa1ba83ae1d2987"
        },
        {
          "type": "cssRules",
          "assetId": "64U7dXYnlm0W",
          "checksum": "6485184b7d003b2aaaa1ba83ae1d2987"
        },
        {
          "type": "renderModule",
          "assetId": "DtUlfJNPg8Gz",
          "checksum": "749901f5d607c211765aea592e541c91"
        },
        {
          "type": "cssRules",
          "assetId": "DtUlfJNPg8Gz",
          "checksum": "749901f5d607c211765aea592e541c91"
        },
        {
          "type": "renderModule",
          "assetId": "rF0LMTrkhc3s",
          "checksum": "7e619fc5e5483969f054dc8a67814bf5"
        },
        {
          "type": "cssRules",
          "assetId": "rF0LMTrkhc3s",
          "checksum": "7e619fc5e5483969f054dc8a67814bf5"
        },
        {
          "type": "renderModule",
          "assetId": "j9TSd2_kMNv9",
          "checksum": "5d5984e97826dd87f9a378c7ccd08964"
        },
        {
          "type": "cssRules",
          "assetId": "j9TSd2_kMNv9",
          "checksum": "5d5984e97826dd87f9a378c7ccd08964"
        },
        {
          "type": "renderModule",
          "assetId": "wamzBqh56Hhg",
          "checksum": "4c3d1ba2f80d8ecd130a19ed17bf8637"
        },
        {
          "type": "cssRules",
          "assetId": "wamzBqh56Hhg",
          "checksum": "4c3d1ba2f80d8ecd130a19ed17bf8637"
        },
        {
          "type": "renderModule",
          "assetId": "2Yd2mxW3PTGB",
          "checksum": "b47edc2e210c74b43543d79698ec43fc"
        },
        {
          "type": "cssRules",
          "assetId": "2Yd2mxW3PTGB",
          "checksum": "b47edc2e210c74b43543d79698ec43fc"
        },
        {
          "type": "renderModule",
          "assetId": "URdOjkWq8M7r",
          "checksum": "63d1620265b4e1fd28eb377d97a819d2"
        },
        {
          "type": "cssRules",
          "assetId": "URdOjkWq8M7r",
          "checksum": "63d1620265b4e1fd28eb377d97a819d2"
        },
        {
          "type": "renderModule",
          "assetId": "Pa6amJSlDLS0",
          "checksum": "dd4ef7c96eb5d98c071c7b0eea7755c3"
        },
        {
          "type": "cssRules",
          "assetId": "Pa6amJSlDLS0",
          "checksum": "dd4ef7c96eb5d98c071c7b0eea7755c3"
        },
        {
          "type": "renderModule",
          "assetId": "pYhfWVlbz6rK",
          "checksum": "e352076d565bc32bede1fc29a99b08a5"
        },
        {
          "type": "cssRules",
          "assetId": "pYhfWVlbz6rK",
          "checksum": "e352076d565bc32bede1fc29a99b08a5"
        },
        {
          "type": "renderModule",
          "assetId": "tx8Yj7YTfIqS",
          "checksum": "0cc7685ecba6cc9d4d165cc21949fa74"
        },
        {
          "type": "cssRules",
          "assetId": "tx8Yj7YTfIqS",
          "checksum": "0cc7685ecba6cc9d4d165cc21949fa74"
        },
        {
          "type": "renderModule",
          "assetId": "UDe2_-rIrkzi",
          "checksum": "91bde1a8e3c68febc237b90d07b7b57e"
        },
        {
          "type": "cssRules",
          "assetId": "UDe2_-rIrkzi",
          "checksum": "91bde1a8e3c68febc237b90d07b7b57e"
        },
        {
          "type": "renderModule",
          "assetId": "WgtcOX7lLlZ3",
          "checksum": "f168a7e52d22c70043520c899b80683d"
        },
        {
          "type": "cssRules",
          "assetId": "WgtcOX7lLlZ3",
          "checksum": "f168a7e52d22c70043520c899b80683d"
        },
        {
          "type": "renderModule",
          "assetId": "DyM3o4afMIzM",
          "checksum": "402ba0510be7b945ddcb1b6d66a4b428"
        },
        {
          "type": "cssRules",
          "assetId": "DyM3o4afMIzM",
          "checksum": "402ba0510be7b945ddcb1b6d66a4b428"
        },
        {
          "type": "icon",
          "assetId": "7lEB-QKUC23V",
          "checksum": "dde0834e22c5c655f54712a761e89c74"
        },
        {
          "type": "icon",
          "assetId": "HvHYiYVE64hp",
          "checksum": "2ee02645abfcfbcf15afb077054c598d"
        },
        {
          "type": "icon",
          "assetId": "KfGPUyuU1GIA",
          "checksum": "7c5849ef0684d896e4312cd5a4bc912d"
        },
        {
          "type": "icon",
          "assetId": "RxN6QMK2WuQ4",
          "checksum": "364d38373b903dbe1594acaf30639c98"
        },
        {
          "type": "icon",
          "assetId": "54DQJ6tyhv9Y",
          "checksum": "c59d30d064d8c1e15c16bc9347bde6fd"
        },
        {
          "type": "image",
          "assetId": "cAdscJ3o2izu",
          "checksum": "27bc542d4a3e9a6e9af8b3f5a572d572"
        },
        {
          "type": "image",
          "assetId": "PKSjWiA0jTG3",
          "checksum": "1eb780bf1bbc9b025cc0d25aabe9e1c6"
        },
        {
          "type": "image",
          "assetId": "LrR4awWIKaIM",
          "checksum": "b9f7143527d21d7f765cbf4535699cde"
        },
        {
          "type": "image",
          "assetId": "jw00WIOrcl7F",
          "checksum": "d7ee0f2c635b9077605718442a02f700"
        },
        {
          "type": "image",
          "assetId": "N_bT3vO-Kw5y",
          "checksum": "2cb55656539aad7067798a234762cf63"
        }
      ],
      "codegenVersion": "0.0.1"
    }
  ],
  "cliVersion": "0.1.336"
}
